
Microsoft Visual Studio Solution File, Format Version 12.00
# Visual Studio Version 17
VisualStudioVersion = 17.4.33213.308
MinimumVisualStudioVersion = 10.0.40219.1
Project("{FAE04EC0-301F-11D3-BF4B-00C04F79EFBC}") = "KeyWordsVisualizer", "KeyWordsVisualizer.csproj", "{0A125C84-DB13-4FAA-94E1-3F8E69E87396}"
EndProject
Global
	GlobalSection(SolutionConfigurationPlatforms) = preSolution
		Debug|Any CPU = Debug|Any CPU
		Release|Any CPU = Release|Any CPU
	EndGlobalSection
	GlobalSection(ProjectConfigurationPlatforms) = postSolution
		{0A125C84-DB13-4FAA-94E1-3F8E69E87396}.Debug|Any CPU.ActiveCfg = Debug|Any CPU
		{0A125C84-DB13-4FAA-94E1-3F8E69E87396}.Debug|Any CPU.Build.0 = Debug|Any CPU
		{0A125C84-DB13-4FAA-94E1-3F8E69E87396}.Release|Any CPU.ActiveCfg = Release|Any CPU
		{0A125C84-DB13-4FAA-94E1-3F8E69E87396}.Release|Any CPU.Build.0 = Release|Any CPU
	EndGlobalSection
	GlobalSection(SolutionProperties) = preSolution
		HideSolutionNode = FALSE
	EndGlobalSection
	GlobalSection(ExtensibilityGlobals) = postSolution
		SolutionGuid = {BD57220A-1410-4489-821E-3589B1C27D2F}
	EndGlobalSection
EndGlobal
